
Microsoft Visual Studio Solution File, Format Version 12.00
# Visual Studio Version 16
VisualStudioVersion = 16.0.28803.452
MinimumVisualStudioVersion = 10.0.40219.1
Project("{FAE04EC0-301F-11D3-BF4B-00C04F79EFBC}") = "ListBox", "ListBox\ListBox.csproj", "{115167C5-44DC-4F01-BA23-9428C96C1992}"
EndProject
Global
	GlobalSection(SolutionConfigurationPlatforms) = preSolution
		Debug|Any CPU = Debug|Any CPU
		Release|Any CPU = Release|Any CPU
	EndGlobalSection
	GlobalSection(ProjectConfigurationPlatforms) = postSolution
		{115167C5-44DC-4F01-BA23-9428C96C1992}.Debug|Any CPU.ActiveCfg = Debug|Any CPU
		{115167C5-44DC-4F01-BA23-9428C96C1992}.Debug|Any CPU.Build.0 = Debug|Any CPU
		{115167C5-44DC-4F01-BA23-9428C96C1992}.Release|Any CPU.ActiveCfg = Release|Any CPU
		{115167C5-44DC-4F01-BA23-9428C96C1992}.Release|Any CPU.Build.0 = Release|Any CPU
	EndGlobalSection
	GlobalSection(SolutionProperties) = preSolution
		HideSolutionNode = FALSE
	EndGlobalSection
	GlobalSection(ExtensibilityGlobals) = postSolution
		SolutionGuid = {41170EF4-C3B8-4DB6-B47F-DFFD3F88F6FE}
	EndGlobalSection
EndGlobal
